
Microsoft Visual Studio Solution File, Format Version 12.00
# Visual Studio 15
VisualStudioVersion = 15.0.27703.2035
MinimumVisualStudioVersion = 10.0.40219.1
Project("{9A19103F-16F7-4668-BE54-9A1E7A4F7556}") = "Option", "src\Option\Option.csproj", "{C20D6D32-3A0A-40B6-B8D4-E1624FF90594}"
EndProject
Project("{2150E333-8FDC-42A3-9474-1A3956D46DE8}") = "src", "src", "{865C71C2-2310-4B28-A739-A234287B99D7}"
EndProject
Project("{2150E333-8FDC-42A3-9474-1A3956D46DE8}") = "test", "test", "{C296874E-E01E-4BCF-819C-5BA67B7E9AC0}"
EndProject
Project("{9A19103F-16F7-4668-BE54-9A1E7A4F7556}") = "Option.Tests", "test\Option.Tests\Option.Tests.csproj", "{42A72371-ABB1-4E96-B3F8-7A6102CFDDE7}"
EndProject
Project("{9A19103F-16F7-4668-BE54-9A1E7A4F7556}") = "Option.Validator", "src\Option.Validator\Option.Validator.csproj", "{A556026E-8521-4890-8C39-751FC446242E}"
EndProject
Project("{9A19103F-16F7-4668-BE54-9A1E7A4F7556}") = "Option.Validator.Tests", "test\Option.Validator.Tests\Option.Validator.Tests.csproj", "{8417DB48-7D8B-4334-A69F-58B883C11EA4}"
EndProject
Global
	GlobalSection(SolutionConfigurationPlatforms) = preSolution
		Debug|Any CPU = Debug|Any CPU
		Release|Any CPU = Release|Any CPU
	EndGlobalSection
	GlobalSection(ProjectConfigurationPlatforms) = postSolution
		{C20D6D32-3A0A-40B6-B8D4-E1624FF90594}.Debug|Any CPU.ActiveCfg = Debug|Any CPU
		{C20D6D32-3A0A-40B6-B8D4-E1624FF90594}.Debug|Any CPU.Build.0 = Debug|Any CPU
		{C20D6D32-3A0A-40B6-B8D4-E1624FF90594}.Release|Any CPU.ActiveCfg = Release|Any CPU
		{C20D6D32-3A0A-40B6-B8D4-E1624FF90594}.Release|Any CPU.Build.0 = Release|Any CPU
		{42A72371-ABB1-4E96-B3F8-7A6102CFDDE7}.Debug|Any CPU.ActiveCfg = Debug|Any CPU
		{42A72371-ABB1-4E96-B3F8-7A6102CFDDE7}.Debug|Any CPU.Build.0 = Debug|Any CPU
		{42A72371-ABB1-4E96-B3F8-7A6102CFDDE7}.Release|Any CPU.ActiveCfg = Release|Any CPU
		{42A72371-ABB1-4E96-B3F8-7A6102CFDDE7}.Release|Any CPU.Build.0 = Release|Any CPU
		{A556026E-8521-4890-8C39-751FC446242E}.Debug|Any CPU.ActiveCfg = Debug|Any CPU
		{A556026E-8521-4890-8C39-751FC446242E}.Debug|Any CPU.Build.0 = Debug|Any CPU
		{A556026E-8521-4890-8C39-751FC446242E}.Release|Any CPU.ActiveCfg = Release|Any CPU
		{A556026E-8521-4890-8C39-751FC446242E}.Release|Any CPU.Build.0 = Release|Any CPU
		{8417DB48-7D8B-4334-A69F-58B883C11EA4}.Debug|Any CPU.ActiveCfg = Debug|Any CPU
		{8417DB48-7D8B-4334-A69F-58B883C11EA4}.Debug|Any CPU.Build.0 = Debug|Any CPU
		{8417DB48-7D8B-4334-A69F-58B883C11EA4}.Release|Any CPU.ActiveCfg = Release|Any CPU
		{8417DB48-7D8B-4334-A69F-58B883C11EA4}.Release|Any CPU.Build.0 = Release|Any CPU
	EndGlobalSection
	GlobalSection(SolutionProperties) = preSolution
		HideSolutionNode = FALSE
	EndGlobalSection
	GlobalSection(NestedProjects) = preSolution
		{C20D6D32-3A0A-40B6-B8D4-E1624FF90594} = {865C71C2-2310-4B28-A739-A234287B99D7}
		{42A72371-ABB1-4E96-B3F8-7A6102CFDDE7} = {C296874E-E01E-4BCF-819C-5BA67B7E9AC0}
		{A556026E-8521-4890-8C39-751FC446242E} = {865C71C2-2310-4B28-A739-A234287B99D7}
		{8417DB48-7D8B-4334-A69F-58B883C11EA4} = {C296874E-E01E-4BCF-819C-5BA67B7E9AC0}
	EndGlobalSection
	GlobalSection(ExtensibilityGlobals) = postSolution
		SolutionGuid = {2AE4F4A8-86FA-47E1-9215-7FD0FACA9270}
	EndGlobalSection
EndGlobal
